{
  "name": "project-lang",
  "version": "1.6.0",
  "lockfileVersion": 1,
  "requires": true,
  "dependencies": {
    "jtree": {
      "version": "15.3.0",
      "resolved": "https://registry.npmjs.org/jtree/-/jtree-15.3.0.tgz",
      "integrity": "sha512-m5Rw+GyHKyYsdtK9FbwN7tpaBl44KeMIcZbEO249e0o00TaCgNmnSiLyNg6eSSxCU4pFQWquLIfW4cXweSNQVg=="
    }
  }
}
