{
  "name": "project-lang",
  "version": "1.6.0",
  "lockfileVersion": 1,
  "requires": true,
  "dependencies": {
    "jtree": {
      "version": "14.3.1",
      "resolved": "https://registry.npmjs.org/jtree/-/jtree-14.3.1.tgz",
      "integrity": "sha512-Um0i7xYoVb3cJPsibucSbtrBwkof82EDvZ46WAYOjvRmqiFvjsgONiB+PH2NW32aVdXK4vkul/2OpKPabDRzVA=="
    }
  }
}
